
Microsoft Visual Studio Solution File, Format Version 12.00
# Visual Studio 14
VisualStudioVersion = 14.0.25420.1
MinimumVisualStudioVersion = 10.0.40219.1
Project("{8BB2217D-0F2D-49D1-97BC-3654ED321F3B}") = "DataLoader", "src\DataLoader\DataLoader.xproj", "{6EEB6F59-D4A3-44FE-ABCF-BCD2C4F98216}"
EndProject
Project("{FAE04EC0-301F-11D3-BF4B-00C04F79EFBC}") = "WebServices.Wcf", "src\WebServices.Wcf\WebServices.Wcf.csproj", "{82DE8700-B292-4729-A80B-DEC4265F4AE2}"
EndProject
Project("{8BB2217D-0F2D-49D1-97BC-3654ED321F3B}") = "Ui", "src\Ui\Ui.xproj", "{E1D7CCCD-156F-4D1F-B8C5-A6EAC3C20D56}"
EndProject
Project("{2150E333-8FDC-42A3-9474-1A3956D46DE8}") = "4 - DataLoader", "4 - DataLoader", "{8E5CAACB-6BB9-447A-ADDB-D198E5FC7746}"
EndProject
Project("{2150E333-8FDC-42A3-9474-1A3956D46DE8}") = "2 - Web Services", "2 - Web Services", "{8D9BFCB8-1E1B-492C-95E4-CF43112F10A3}"
EndProject
Project("{2150E333-8FDC-42A3-9474-1A3956D46DE8}") = "3 - WebServices.Proxy", "3 - WebServices.Proxy", "{46E6404A-0654-472E-A5E3-4575654F8EB6}"
EndProject
Project("{2150E333-8FDC-42A3-9474-1A3956D46DE8}") = "1 - UI", "1 - UI", "{BD752974-D1B5-4E45-8D02-19F7B66F46A9}"
EndProject
Project("{2150E333-8FDC-42A3-9474-1A3956D46DE8}") = "Tests", "Tests", "{22E17CD3-34B5-436D-8520-96F477B05B6E}"
EndProject
Project("{2150E333-8FDC-42A3-9474-1A3956D46DE8}") = "Tests", "Tests", "{AC4E8E40-4E09-48E4-B364-5D638E4C55B4}"
EndProject
Project("{8BB2217D-0F2D-49D1-97BC-3654ED321F3B}") = "WebServices.AspNetCore.IntegrationTests", "test\WebServices.AspNetCore.IntegrationTests\WebServices.AspNetCore.IntegrationTests.xproj", "{578104DF-CFA9-435B-8CD2-BFF99BE9B2F0}"
EndProject
Project("{8BB2217D-0F2D-49D1-97BC-3654ED321F3B}") = "WebServices.AspNetCore", "src\WebServices.AspNetCore\WebServices.AspNetCore.xproj", "{9439874E-9EE3-4780-B81F-D32EA19A994C}"
EndProject
Project("{2150E333-8FDC-42A3-9474-1A3956D46DE8}") = "3 - Data Access", "3 - Data Access", "{A7F1529A-5BEE-4031-B47F-43B1AFBA852C}"
EndProject
Project("{2150E333-8FDC-42A3-9474-1A3956D46DE8}") = "0 - Domain", "0 - Domain", "{2F210AF8-9868-4DCC-BB96-F6E52933B606}"
EndProject
Project("{8BB2217D-0F2D-49D1-97BC-3654ED321F3B}") = "Domain", "src\Domain\Domain.xproj", "{AF43A44D-33B1-4C48-A7A8-FAE1B4FE9B8F}"
EndProject
Project("{2150E333-8FDC-42A3-9474-1A3956D46DE8}") = "6 - Infrastructure", "6 - Infrastructure", "{ADA54476-354F-4E00-83B7-C4B7D77CD8F1}"
EndProject
Project("{8BB2217D-0F2D-49D1-97BC-3654ED321F3B}") = "Infrastructure.DependencyInjection", "src\Infrastructure.DependencyInjection\Infrastructure.DependencyInjection.xproj", "{FD2FB504-9E5B-45B3-8E70-3E98027621EB}"
EndProject
Project("{8BB2217D-0F2D-49D1-97BC-3654ED321F3B}") = "WebServices.ApiModel", "src\WebServices.ApiModel\WebServices.ApiModel.xproj", "{B18EB544-59CD-4882-A8F5-9451B2B364A4}"
EndProject
Project("{2150E333-8FDC-42A3-9474-1A3956D46DE8}") = "1 - Api Model", "1 - Api Model", "{2F5895C8-D814-410E-9894-C25F7C1FA2D1}"
EndProject
Project("{2150E333-8FDC-42A3-9474-1A3956D46DE8}") = "2 - Presentation", "2 - Presentation", "{E200CD02-D8BE-4FCF-8B6C-42CB7D2A7245}"
EndProject
Project("{8BB2217D-0F2D-49D1-97BC-3654ED321F3B}") = "WebServices.DataAccess.Neo4j", "src\WebServices.DataAccess.Neo4j\WebServices.DataAccess.Neo4j.xproj", "{4161E5FC-4B44-46DB-BC6B-4C5FFDC20F2B}"
EndProject
Project("{8BB2217D-0F2D-49D1-97BC-3654ED321F3B}") = "WebServices.ApiModel.Mappers", "src\WebServices.ApiModel.Mappers\WebServices.ApiModel.Mappers.xproj", "{ABBE80AB-FD2D-4C14-B969-4371A5BB94C1}"
EndProject
Project("{2150E333-8FDC-42A3-9474-1A3956D46DE8}") = "4 - Infrastructure", "4 - Infrastructure", "{70B5C1F6-A5C2-4E40-B6BF-C7006724F0A8}"
EndProject
Project("{8BB2217D-0F2D-49D1-97BC-3654ED321F3B}") = "WebServices.Infrastructure.DependencyInjection", "src\WebServices.Infrastructure.DependencyInjection\WebServices.Infrastructure.DependencyInjection.xproj", "{64D3EEE1-B3A6-4A86-87C1-F2B2D7AB4A29}"
EndProject
Project("{8BB2217D-0F2D-49D1-97BC-3654ED321F3B}") = "WebServices.Proxy.DependencyInjection", "src\WebServices.Proxy.DependencyInjection\WebServices.Proxy.DependencyInjection.xproj", "{789E6437-4C52-4387-B60A-DF0445E13DA8}"
EndProject
Project("{8BB2217D-0F2D-49D1-97BC-3654ED321F3B}") = "WebServices.Proxy", "src\WebServices.Proxy\WebServices.Proxy.xproj", "{F20DF697-6C2F-40A3-A81F-0AC15498CB5F}"
EndProject
Project("{8BB2217D-0F2D-49D1-97BC-3654ED321F3B}") = "WebServices.Proxy.UnitTests", "test\WebServices.Proxy.UnitTests\WebServices.Proxy.UnitTests.xproj", "{8758AE9A-1277-46CA-90A5-9FF4A8F1D06F}"
EndProject
Project("{2150E333-8FDC-42A3-9474-1A3956D46DE8}") = "Solution Items", "Solution Items", "{44BE59D8-0F00-4327-B827-76B6550AB94C}"
	ProjectSection(SolutionItems) = preProject
		global.json = global.json
	EndProjectSection
EndProject
Global
	GlobalSection(SolutionConfigurationPlatforms) = preSolution
		Debug|Any CPU = Debug|Any CPU
		Release|Any CPU = Release|Any CPU
	EndGlobalSection
	GlobalSection(ProjectConfigurationPlatforms) = postSolution
		{6EEB6F59-D4A3-44FE-ABCF-BCD2C4F98216}.Debug|Any CPU.ActiveCfg = Debug|Any CPU
		{6EEB6F59-D4A3-44FE-ABCF-BCD2C4F98216}.Debug|Any CPU.Build.0 = Debug|Any CPU
		{6EEB6F59-D4A3-44FE-ABCF-BCD2C4F98216}.Release|Any CPU.ActiveCfg = Release|Any CPU
		{6EEB6F59-D4A3-44FE-ABCF-BCD2C4F98216}.Release|Any CPU.Build.0 = Release|Any CPU
		{82DE8700-B292-4729-A80B-DEC4265F4AE2}.Debug|Any CPU.ActiveCfg = Debug|Any CPU
		{82DE8700-B292-4729-A80B-DEC4265F4AE2}.Debug|Any CPU.Build.0 = Debug|Any CPU
		{82DE8700-B292-4729-A80B-DEC4265F4AE2}.Release|Any CPU.ActiveCfg = Release|Any CPU
		{82DE8700-B292-4729-A80B-DEC4265F4AE2}.Release|Any CPU.Build.0 = Release|Any CPU
		{E1D7CCCD-156F-4D1F-B8C5-A6EAC3C20D56}.Debug|Any CPU.ActiveCfg = Debug|Any CPU
		{E1D7CCCD-156F-4D1F-B8C5-A6EAC3C20D56}.Debug|Any CPU.Build.0 = Debug|Any CPU
		{E1D7CCCD-156F-4D1F-B8C5-A6EAC3C20D56}.Release|Any CPU.ActiveCfg = Release|Any CPU
		{E1D7CCCD-156F-4D1F-B8C5-A6EAC3C20D56}.Release|Any CPU.Build.0 = Release|Any CPU
		{578104DF-CFA9-435B-8CD2-BFF99BE9B2F0}.Debug|Any CPU.ActiveCfg = Debug|Any CPU
		{578104DF-CFA9-435B-8CD2-BFF99BE9B2F0}.Debug|Any CPU.Build.0 = Debug|Any CPU
		{578104DF-CFA9-435B-8CD2-BFF99BE9B2F0}.Release|Any CPU.ActiveCfg = Release|Any CPU
		{578104DF-CFA9-435B-8CD2-BFF99BE9B2F0}.Release|Any CPU.Build.0 = Release|Any CPU
		{9439874E-9EE3-4780-B81F-D32EA19A994C}.Debug|Any CPU.ActiveCfg = Debug|Any CPU
		{9439874E-9EE3-4780-B81F-D32EA19A994C}.Debug|Any CPU.Build.0 = Debug|Any CPU
		{9439874E-9EE3-4780-B81F-D32EA19A994C}.Release|Any CPU.ActiveCfg = Release|Any CPU
		{9439874E-9EE3-4780-B81F-D32EA19A994C}.Release|Any CPU.Build.0 = Release|Any CPU
		{AF43A44D-33B1-4C48-A7A8-FAE1B4FE9B8F}.Debug|Any CPU.ActiveCfg = Debug|Any CPU
		{AF43A44D-33B1-4C48-A7A8-FAE1B4FE9B8F}.Debug|Any CPU.Build.0 = Debug|Any CPU
		{AF43A44D-33B1-4C48-A7A8-FAE1B4FE9B8F}.Release|Any CPU.ActiveCfg = Release|Any CPU
		{AF43A44D-33B1-4C48-A7A8-FAE1B4FE9B8F}.Release|Any CPU.Build.0 = Release|Any CPU
		{FD2FB504-9E5B-45B3-8E70-3E98027621EB}.Debug|Any CPU.ActiveCfg = Debug|Any CPU
		{FD2FB504-9E5B-45B3-8E70-3E98027621EB}.Debug|Any CPU.Build.0 = Debug|Any CPU
		{FD2FB504-9E5B-45B3-8E70-3E98027621EB}.Release|Any CPU.ActiveCfg = Release|Any CPU
		{FD2FB504-9E5B-45B3-8E70-3E98027621EB}.Release|Any CPU.Build.0 = Release|Any CPU
		{B18EB544-59CD-4882-A8F5-9451B2B364A4}.Debug|Any CPU.ActiveCfg = Debug|Any CPU
		{B18EB544-59CD-4882-A8F5-9451B2B364A4}.Debug|Any CPU.Build.0 = Debug|Any CPU
		{B18EB544-59CD-4882-A8F5-9451B2B364A4}.Release|Any CPU.ActiveCfg = Release|Any CPU
		{B18EB544-59CD-4882-A8F5-9451B2B364A4}.Release|Any CPU.Build.0 = Release|Any CPU
		{4161E5FC-4B44-46DB-BC6B-4C5FFDC20F2B}.Debug|Any CPU.ActiveCfg = Debug|Any CPU
		{4161E5FC-4B44-46DB-BC6B-4C5FFDC20F2B}.Debug|Any CPU.Build.0 = Debug|Any CPU
		{4161E5FC-4B44-46DB-BC6B-4C5FFDC20F2B}.Release|Any CPU.ActiveCfg = Release|Any CPU
		{4161E5FC-4B44-46DB-BC6B-4C5FFDC20F2B}.Release|Any CPU.Build.0 = Release|Any CPU
		{ABBE80AB-FD2D-4C14-B969-4371A5BB94C1}.Debug|Any CPU.ActiveCfg = Debug|Any CPU
		{ABBE80AB-FD2D-4C14-B969-4371A5BB94C1}.Debug|Any CPU.Build.0 = Debug|Any CPU
		{ABBE80AB-FD2D-4C14-B969-4371A5BB94C1}.Release|Any CPU.ActiveCfg = Release|Any CPU
		{ABBE80AB-FD2D-4C14-B969-4371A5BB94C1}.Release|Any CPU.Build.0 = Release|Any CPU
		{64D3EEE1-B3A6-4A86-87C1-F2B2D7AB4A29}.Debug|Any CPU.ActiveCfg = Debug|Any CPU
		{64D3EEE1-B3A6-4A86-87C1-F2B2D7AB4A29}.Debug|Any CPU.Build.0 = Debug|Any CPU
		{64D3EEE1-B3A6-4A86-87C1-F2B2D7AB4A29}.Release|Any CPU.ActiveCfg = Release|Any CPU
		{64D3EEE1-B3A6-4A86-87C1-F2B2D7AB4A29}.Release|Any CPU.Build.0 = Release|Any CPU
		{789E6437-4C52-4387-B60A-DF0445E13DA8}.Debug|Any CPU.ActiveCfg = Debug|Any CPU
		{789E6437-4C52-4387-B60A-DF0445E13DA8}.Debug|Any CPU.Build.0 = Debug|Any CPU
		{789E6437-4C52-4387-B60A-DF0445E13DA8}.Release|Any CPU.ActiveCfg = Release|Any CPU
		{789E6437-4C52-4387-B60A-DF0445E13DA8}.Release|Any CPU.Build.0 = Release|Any CPU
		{F20DF697-6C2F-40A3-A81F-0AC15498CB5F}.Debug|Any CPU.ActiveCfg = Debug|Any CPU
		{F20DF697-6C2F-40A3-A81F-0AC15498CB5F}.Debug|Any CPU.Build.0 = Debug|Any CPU
		{F20DF697-6C2F-40A3-A81F-0AC15498CB5F}.Release|Any CPU.ActiveCfg = Release|Any CPU
		{F20DF697-6C2F-40A3-A81F-0AC15498CB5F}.Release|Any CPU.Build.0 = Release|Any CPU
		{8758AE9A-1277-46CA-90A5-9FF4A8F1D06F}.Debug|Any CPU.ActiveCfg = Debug|Any CPU
		{8758AE9A-1277-46CA-90A5-9FF4A8F1D06F}.Debug|Any CPU.Build.0 = Debug|Any CPU
		{8758AE9A-1277-46CA-90A5-9FF4A8F1D06F}.Release|Any CPU.ActiveCfg = Release|Any CPU
		{8758AE9A-1277-46CA-90A5-9FF4A8F1D06F}.Release|Any CPU.Build.0 = Release|Any CPU
	EndGlobalSection
	GlobalSection(SolutionProperties) = preSolution
		HideSolutionNode = FALSE
	EndGlobalSection
	GlobalSection(NestedProjects) = preSolution
		{6EEB6F59-D4A3-44FE-ABCF-BCD2C4F98216} = {8E5CAACB-6BB9-447A-ADDB-D198E5FC7746}
		{82DE8700-B292-4729-A80B-DEC4265F4AE2} = {E200CD02-D8BE-4FCF-8B6C-42CB7D2A7245}
		{E1D7CCCD-156F-4D1F-B8C5-A6EAC3C20D56} = {BD752974-D1B5-4E45-8D02-19F7B66F46A9}
		{22E17CD3-34B5-436D-8520-96F477B05B6E} = {46E6404A-0654-472E-A5E3-4575654F8EB6}
		{AC4E8E40-4E09-48E4-B364-5D638E4C55B4} = {E200CD02-D8BE-4FCF-8B6C-42CB7D2A7245}
		{578104DF-CFA9-435B-8CD2-BFF99BE9B2F0} = {AC4E8E40-4E09-48E4-B364-5D638E4C55B4}
		{9439874E-9EE3-4780-B81F-D32EA19A994C} = {E200CD02-D8BE-4FCF-8B6C-42CB7D2A7245}
		{A7F1529A-5BEE-4031-B47F-43B1AFBA852C} = {8D9BFCB8-1E1B-492C-95E4-CF43112F10A3}
		{AF43A44D-33B1-4C48-A7A8-FAE1B4FE9B8F} = {2F210AF8-9868-4DCC-BB96-F6E52933B606}
		{FD2FB504-9E5B-45B3-8E70-3E98027621EB} = {ADA54476-354F-4E00-83B7-C4B7D77CD8F1}
		{B18EB544-59CD-4882-A8F5-9451B2B364A4} = {2F5895C8-D814-410E-9894-C25F7C1FA2D1}
		{2F5895C8-D814-410E-9894-C25F7C1FA2D1} = {8D9BFCB8-1E1B-492C-95E4-CF43112F10A3}
		{E200CD02-D8BE-4FCF-8B6C-42CB7D2A7245} = {8D9BFCB8-1E1B-492C-95E4-CF43112F10A3}
		{4161E5FC-4B44-46DB-BC6B-4C5FFDC20F2B} = {A7F1529A-5BEE-4031-B47F-43B1AFBA852C}
		{ABBE80AB-FD2D-4C14-B969-4371A5BB94C1} = {2F5895C8-D814-410E-9894-C25F7C1FA2D1}
		{70B5C1F6-A5C2-4E40-B6BF-C7006724F0A8} = {8D9BFCB8-1E1B-492C-95E4-CF43112F10A3}
		{64D3EEE1-B3A6-4A86-87C1-F2B2D7AB4A29} = {70B5C1F6-A5C2-4E40-B6BF-C7006724F0A8}
		{789E6437-4C52-4387-B60A-DF0445E13DA8} = {46E6404A-0654-472E-A5E3-4575654F8EB6}
		{F20DF697-6C2F-40A3-A81F-0AC15498CB5F} = {46E6404A-0654-472E-A5E3-4575654F8EB6}
		{8758AE9A-1277-46CA-90A5-9FF4A8F1D06F} = {22E17CD3-34B5-436D-8520-96F477B05B6E}
	EndGlobalSection
EndGlobal
