
Microsoft Visual Studio Solution File, Format Version 12.00
# Visual Studio 14
VisualStudioVersion = 14.0.25420.1
MinimumVisualStudioVersion = 10.0.40219.1
Project("{8BB2217D-0F2D-49D1-97BC-3654ED321F3B}") = "DataLoader", "src\DataLoader\DataLoader.xproj", "{6EEB6F59-D4A3-44FE-ABCF-BCD2C4F98216}"
EndProject
Project("{8BB2217D-0F2D-49D1-97BC-3654ED321F3B}") = "WebServices.AspNetCore.Proxy", "src\WebServices.AspNetCore.Proxy\WebServices.AspNetCore.Proxy.xproj", "{F20DF697-6C2F-40A3-A81F-0AC15498CB5F}"
EndProject
Project("{8BB2217D-0F2D-49D1-97BC-3654ED321F3B}") = "WebServices.Wcf.Proxy", "src\WebServices.Wcf.Proxy\WebServices.Wcf.Proxy.xproj", "{2C9DAA9F-D6FC-4AD4-A4AB-F935F5DE55D4}"
EndProject
Project("{FAE04EC0-301F-11D3-BF4B-00C04F79EFBC}") = "WebServices.Wcf", "src\WebServices.Wcf\WebServices.Wcf.csproj", "{82DE8700-B292-4729-A80B-DEC4265F4AE2}"
EndProject
Project("{8BB2217D-0F2D-49D1-97BC-3654ED321F3B}") = "Ui", "src\Ui\Ui.xproj", "{E1D7CCCD-156F-4D1F-B8C5-A6EAC3C20D56}"
EndProject
Project("{2150E333-8FDC-42A3-9474-1A3956D46DE8}") = "4 - DataLoader", "4 - DataLoader", "{8E5CAACB-6BB9-447A-ADDB-D198E5FC7746}"
EndProject
Project("{2150E333-8FDC-42A3-9474-1A3956D46DE8}") = "2 - WebServices", "2 - WebServices", "{8D9BFCB8-1E1B-492C-95E4-CF43112F10A3}"
EndProject
Project("{2150E333-8FDC-42A3-9474-1A3956D46DE8}") = "3 - WebServices.Proxy", "3 - WebServices.Proxy", "{46E6404A-0654-472E-A5E3-4575654F8EB6}"
EndProject
Project("{2150E333-8FDC-42A3-9474-1A3956D46DE8}") = "1 - UI", "1 - UI", "{BD752974-D1B5-4E45-8D02-19F7B66F46A9}"
EndProject
Project("{2150E333-8FDC-42A3-9474-1A3956D46DE8}") = "Tests", "Tests", "{22E17CD3-34B5-436D-8520-96F477B05B6E}"
EndProject
Project("{2150E333-8FDC-42A3-9474-1A3956D46DE8}") = "Tests", "Tests", "{AC4E8E40-4E09-48E4-B364-5D638E4C55B4}"
EndProject
Project("{8BB2217D-0F2D-49D1-97BC-3654ED321F3B}") = "WebServices.AspNetCore.IntegrationTests", "test\WebServices.AspNetCore.IntegrationTests\WebServices.AspNetCore.IntegrationTests.xproj", "{578104DF-CFA9-435B-8CD2-BFF99BE9B2F0}"
EndProject
Project("{8BB2217D-0F2D-49D1-97BC-3654ED321F3B}") = "WebServices.AspNetCore.Proxy.UnitTests", "test\WebServices.AspNetCore.Proxy.UnitTests\WebServices.AspNetCore.Proxy.UnitTests.xproj", "{8758AE9A-1277-46CA-90A5-9FF4A8F1D06F}"
EndProject
Project("{8BB2217D-0F2D-49D1-97BC-3654ED321F3B}") = "WebServices.AspNetCore", "src\WebServices.AspNetCore\WebServices.AspNetCore.xproj", "{9439874E-9EE3-4780-B81F-D32EA19A994C}"
EndProject
Project("{2150E333-8FDC-42A3-9474-1A3956D46DE8}") = "6 - Data Access", "6 - Data Access", "{A7F1529A-5BEE-4031-B47F-43B1AFBA852C}"
EndProject
Project("{2150E333-8FDC-42A3-9474-1A3956D46DE8}") = "5 - Domain", "5 - Domain", "{2F210AF8-9868-4DCC-BB96-F6E52933B606}"
EndProject
Project("{8BB2217D-0F2D-49D1-97BC-3654ED321F3B}") = "Domain", "src\Domain\Domain.xproj", "{AF43A44D-33B1-4C48-A7A8-FAE1B4FE9B8F}"
EndProject
Project("{8BB2217D-0F2D-49D1-97BC-3654ED321F3B}") = "DataAccess.Neo4j", "src\DataAccess.Neo4j\DataAccess.Neo4j.xproj", "{4161E5FC-4B44-46DB-BC6B-4C5FFDC20F2B}"
EndProject
Global
	GlobalSection(SolutionConfigurationPlatforms) = preSolution
		Debug|Any CPU = Debug|Any CPU
		Release|Any CPU = Release|Any CPU
	EndGlobalSection
	GlobalSection(ProjectConfigurationPlatforms) = postSolution
		{6EEB6F59-D4A3-44FE-ABCF-BCD2C4F98216}.Debug|Any CPU.ActiveCfg = Debug|Any CPU
		{6EEB6F59-D4A3-44FE-ABCF-BCD2C4F98216}.Debug|Any CPU.Build.0 = Debug|Any CPU
		{6EEB6F59-D4A3-44FE-ABCF-BCD2C4F98216}.Release|Any CPU.ActiveCfg = Release|Any CPU
		{6EEB6F59-D4A3-44FE-ABCF-BCD2C4F98216}.Release|Any CPU.Build.0 = Release|Any CPU
		{F20DF697-6C2F-40A3-A81F-0AC15498CB5F}.Debug|Any CPU.ActiveCfg = Debug|Any CPU
		{F20DF697-6C2F-40A3-A81F-0AC15498CB5F}.Debug|Any CPU.Build.0 = Debug|Any CPU
		{F20DF697-6C2F-40A3-A81F-0AC15498CB5F}.Release|Any CPU.ActiveCfg = Release|Any CPU
		{F20DF697-6C2F-40A3-A81F-0AC15498CB5F}.Release|Any CPU.Build.0 = Release|Any CPU
		{2C9DAA9F-D6FC-4AD4-A4AB-F935F5DE55D4}.Debug|Any CPU.ActiveCfg = Debug|Any CPU
		{2C9DAA9F-D6FC-4AD4-A4AB-F935F5DE55D4}.Debug|Any CPU.Build.0 = Debug|Any CPU
		{2C9DAA9F-D6FC-4AD4-A4AB-F935F5DE55D4}.Release|Any CPU.ActiveCfg = Release|Any CPU
		{2C9DAA9F-D6FC-4AD4-A4AB-F935F5DE55D4}.Release|Any CPU.Build.0 = Release|Any CPU
		{82DE8700-B292-4729-A80B-DEC4265F4AE2}.Debug|Any CPU.ActiveCfg = Debug|Any CPU
		{82DE8700-B292-4729-A80B-DEC4265F4AE2}.Debug|Any CPU.Build.0 = Debug|Any CPU
		{82DE8700-B292-4729-A80B-DEC4265F4AE2}.Release|Any CPU.ActiveCfg = Release|Any CPU
		{82DE8700-B292-4729-A80B-DEC4265F4AE2}.Release|Any CPU.Build.0 = Release|Any CPU
		{E1D7CCCD-156F-4D1F-B8C5-A6EAC3C20D56}.Debug|Any CPU.ActiveCfg = Debug|Any CPU
		{E1D7CCCD-156F-4D1F-B8C5-A6EAC3C20D56}.Debug|Any CPU.Build.0 = Debug|Any CPU
		{E1D7CCCD-156F-4D1F-B8C5-A6EAC3C20D56}.Release|Any CPU.ActiveCfg = Release|Any CPU
		{E1D7CCCD-156F-4D1F-B8C5-A6EAC3C20D56}.Release|Any CPU.Build.0 = Release|Any CPU
		{578104DF-CFA9-435B-8CD2-BFF99BE9B2F0}.Debug|Any CPU.ActiveCfg = Debug|Any CPU
		{578104DF-CFA9-435B-8CD2-BFF99BE9B2F0}.Debug|Any CPU.Build.0 = Debug|Any CPU
		{578104DF-CFA9-435B-8CD2-BFF99BE9B2F0}.Release|Any CPU.ActiveCfg = Release|Any CPU
		{578104DF-CFA9-435B-8CD2-BFF99BE9B2F0}.Release|Any CPU.Build.0 = Release|Any CPU
		{8758AE9A-1277-46CA-90A5-9FF4A8F1D06F}.Debug|Any CPU.ActiveCfg = Debug|Any CPU
		{8758AE9A-1277-46CA-90A5-9FF4A8F1D06F}.Debug|Any CPU.Build.0 = Debug|Any CPU
		{8758AE9A-1277-46CA-90A5-9FF4A8F1D06F}.Release|Any CPU.ActiveCfg = Release|Any CPU
		{8758AE9A-1277-46CA-90A5-9FF4A8F1D06F}.Release|Any CPU.Build.0 = Release|Any CPU
		{9439874E-9EE3-4780-B81F-D32EA19A994C}.Debug|Any CPU.ActiveCfg = Debug|Any CPU
		{9439874E-9EE3-4780-B81F-D32EA19A994C}.Debug|Any CPU.Build.0 = Debug|Any CPU
		{9439874E-9EE3-4780-B81F-D32EA19A994C}.Release|Any CPU.ActiveCfg = Release|Any CPU
		{9439874E-9EE3-4780-B81F-D32EA19A994C}.Release|Any CPU.Build.0 = Release|Any CPU
		{AF43A44D-33B1-4C48-A7A8-FAE1B4FE9B8F}.Debug|Any CPU.ActiveCfg = Debug|Any CPU
		{AF43A44D-33B1-4C48-A7A8-FAE1B4FE9B8F}.Debug|Any CPU.Build.0 = Debug|Any CPU
		{AF43A44D-33B1-4C48-A7A8-FAE1B4FE9B8F}.Release|Any CPU.ActiveCfg = Release|Any CPU
		{AF43A44D-33B1-4C48-A7A8-FAE1B4FE9B8F}.Release|Any CPU.Build.0 = Release|Any CPU
		{4161E5FC-4B44-46DB-BC6B-4C5FFDC20F2B}.Debug|Any CPU.ActiveCfg = Debug|Any CPU
		{4161E5FC-4B44-46DB-BC6B-4C5FFDC20F2B}.Debug|Any CPU.Build.0 = Debug|Any CPU
		{4161E5FC-4B44-46DB-BC6B-4C5FFDC20F2B}.Release|Any CPU.ActiveCfg = Release|Any CPU
		{4161E5FC-4B44-46DB-BC6B-4C5FFDC20F2B}.Release|Any CPU.Build.0 = Release|Any CPU
	EndGlobalSection
	GlobalSection(SolutionProperties) = preSolution
		HideSolutionNode = FALSE
	EndGlobalSection
	GlobalSection(NestedProjects) = preSolution
		{6EEB6F59-D4A3-44FE-ABCF-BCD2C4F98216} = {8E5CAACB-6BB9-447A-ADDB-D198E5FC7746}
		{F20DF697-6C2F-40A3-A81F-0AC15498CB5F} = {46E6404A-0654-472E-A5E3-4575654F8EB6}
		{2C9DAA9F-D6FC-4AD4-A4AB-F935F5DE55D4} = {46E6404A-0654-472E-A5E3-4575654F8EB6}
		{82DE8700-B292-4729-A80B-DEC4265F4AE2} = {8D9BFCB8-1E1B-492C-95E4-CF43112F10A3}
		{E1D7CCCD-156F-4D1F-B8C5-A6EAC3C20D56} = {BD752974-D1B5-4E45-8D02-19F7B66F46A9}
		{22E17CD3-34B5-436D-8520-96F477B05B6E} = {46E6404A-0654-472E-A5E3-4575654F8EB6}
		{AC4E8E40-4E09-48E4-B364-5D638E4C55B4} = {8D9BFCB8-1E1B-492C-95E4-CF43112F10A3}
		{578104DF-CFA9-435B-8CD2-BFF99BE9B2F0} = {AC4E8E40-4E09-48E4-B364-5D638E4C55B4}
		{8758AE9A-1277-46CA-90A5-9FF4A8F1D06F} = {22E17CD3-34B5-436D-8520-96F477B05B6E}
		{9439874E-9EE3-4780-B81F-D32EA19A994C} = {8D9BFCB8-1E1B-492C-95E4-CF43112F10A3}
		{AF43A44D-33B1-4C48-A7A8-FAE1B4FE9B8F} = {2F210AF8-9868-4DCC-BB96-F6E52933B606}
		{4161E5FC-4B44-46DB-BC6B-4C5FFDC20F2B} = {A7F1529A-5BEE-4031-B47F-43B1AFBA852C}
	EndGlobalSection
EndGlobal
